# This file was autogenerated by Stack.
# You should not edit this file by hand.
# For more information, please see the documentation at:
#   https://docs.haskellstack.org/en/stable/topics/lock_files

packages:
- completed:
    commit: f2736e058cfde1a03708f34772bfc2bb47c55cf6
    git: https://github.com/d2p-finance/cfmm-vol-markets-spec.git
    name: cfmm-vol-markets-spec
    pantry-tree:
      sha256: 791870b957c13cb5f53f195f6f92839123b82180b337c4845e1188ece79b0de4
      size: 18750
    version: 0.1.0.0
  original:
    commit: f2736e058cfde1a03708f34772bfc2bb47c55cf6
    git: https://github.com/d2p-finance/cfmm-vol-markets-spec.git
snapshots: []
